Microsoft Visual Studio Solution File, Format Version 12.00
# Visual Studio Version 17
VisualStudioVersion = 17.5.2.0
MinimumVisualStudioVersion = 10.0.40219.1
Project("{FAE04EC0-301F-11D3-BF4B-00C04F79EFBC}") = "yShorts", "yShorts.csproj", "{8C1EC3B5-85EF-CF91-5C6A-2C9B82E4E189}"
EndProject
Project("{FAE04EC0-301F-11D3-BF4B-00C04F79EFBC}") = "DebugTool", "DebugTool\DebugTool.csproj", "{779F39A8-5F13-DDAC-8025-A74683C1B3AA}"
EndProject
Global
	GlobalSection(SolutionConfigurationPlatforms) = preSolution
		Debug|Any CPU = Debug|Any CPU
		Release|Any CPU = Release|Any CPU
	EndGlobalSection
	GlobalSection(ProjectConfigurationPlatforms) = postSolution
		{8C1EC3B5-85EF-CF91-5C6A-2C9B82E4E189}.Debug|Any CPU.ActiveCfg = Debug|Any CPU
		{8C1EC3B5-85EF-CF91-5C6A-2C9B82E4E189}.Debug|Any CPU.Build.0 = Debug|Any CPU
		{8C1EC3B5-85EF-CF91-5C6A-2C9B82E4E189}.Release|Any CPU.ActiveCfg = Release|Any CPU
		{8C1EC3B5-85EF-CF91-5C6A-2C9B82E4E189}.Release|Any CPU.Build.0 = Release|Any CPU
		{779F39A8-5F13-DDAC-8025-A74683C1B3AA}.Debug|Any CPU.ActiveCfg = Debug|Any CPU
		{779F39A8-5F13-DDAC-8025-A74683C1B3AA}.Debug|Any CPU.Build.0 = Debug|Any CPU
		{779F39A8-5F13-DDAC-8025-A74683C1B3AA}.Release|Any CPU.ActiveCfg = Release|Any CPU
		{779F39A8-5F13-DDAC-8025-A74683C1B3AA}.Release|Any CPU.Build.0 = Release|Any CPU
	EndGlobalSection
	GlobalSection(SolutionProperties) = preSolution
		HideSolutionNode = FALSE
	EndGlobalSection
	GlobalSection(ExtensibilityGlobals) = postSolution
		SolutionGuid = {B0CC50BA-7144-41E4-9107-11E47FB14290}
	EndGlobalSection
EndGlobal
